
Microsoft Visual Studio Solution File, Format Version 12.00
# Visual Studio 2013
VisualStudioVersion = 12.0.21005.1
MinimumVisualStudioVersion = 10.0.40219.1
Project("{8BC9CEB8-8B4A-11D0-8D11-00A0C91BC942}") = "栈的弹出压入序列", "栈的弹出压入序列\栈的弹出压入序列.vcxproj", "{F5C1B66D-34D4-4E87-8555-4B4419CD625B}"
EndProject
Global
	GlobalSection(SolutionConfigurationPlatforms) = preSolution
		Debug|Win32 = Debug|Win32
		Release|Win32 = Release|Win32
	EndGlobalSection
	GlobalSection(ProjectConfigurationPlatforms) = postSolution
		{F5C1B66D-34D4-4E87-8555-4B4419CD625B}.Debug|Win32.ActiveCfg = Debug|Win32
		{F5C1B66D-34D4-4E87-8555-4B4419CD625B}.Debug|Win32.Build.0 = Debug|Win32
		{F5C1B66D-34D4-4E87-8555-4B4419CD625B}.Release|Win32.ActiveCfg = Release|Win32
		{F5C1B66D-34D4-4E87-8555-4B4419CD625B}.Release|Win32.Build.0 = Release|Win32
	EndGlobalSection
	GlobalSection(SolutionProperties) = preSolution
		HideSolutionNode = FALSE
	EndGlobalSection
EndGlobal
