
Microsoft Visual Studio Solution File, Format Version 11.00
# Visual Studio 2010
Project("{8BC9CEB8-8B4A-11D0-8D11-00A0C91BC942}") = "递归和非递归反别实现求N的阶乘", "递归和非递归反别实现求N的阶乘\递归和非递归反别实现求N的阶乘.vcxproj", "{E09354F4-95F0-47CF-B4F2-78B294F6C9E5}"
EndProject
Global
	GlobalSection(SolutionConfigurationPlatforms) = preSolution
		Debug|Win32 = Debug|Win32
		Release|Win32 = Release|Win32
	EndGlobalSection
	GlobalSection(ProjectConfigurationPlatforms) = postSolution
		{E09354F4-95F0-47CF-B4F2-78B294F6C9E5}.Debug|Win32.ActiveCfg = Debug|Win32
		{E09354F4-95F0-47CF-B4F2-78B294F6C9E5}.Debug|Win32.Build.0 = Debug|Win32
		{E09354F4-95F0-47CF-B4F2-78B294F6C9E5}.Release|Win32.ActiveCfg = Release|Win32
		{E09354F4-95F0-47CF-B4F2-78B294F6C9E5}.Release|Win32.Build.0 = Release|Win32
	EndGlobalSection
	GlobalSection(SolutionProperties) = preSolution
		HideSolutionNode = FALSE
	EndGlobalSection
EndGlobal
