
Microsoft Visual Studio Solution File, Format Version 11.00
# Visual Studio 2010
Project("{8BC9CEB8-8B4A-11D0-8D11-00A0C91BC942}") = "递归费波列契数", "递归费波列契数\递归费波列契数.vcxproj", "{523A5C3B-37C1-4A0F-B097-E556BC4313BE}"
EndProject
Global
	GlobalSection(SolutionConfigurationPlatforms) = preSolution
		Debug|Win32 = Debug|Win32
		Release|Win32 = Release|Win32
	EndGlobalSection
	GlobalSection(ProjectConfigurationPlatforms) = postSolution
		{523A5C3B-37C1-4A0F-B097-E556BC4313BE}.Debug|Win32.ActiveCfg = Debug|Win32
		{523A5C3B-37C1-4A0F-B097-E556BC4313BE}.Debug|Win32.Build.0 = Debug|Win32
		{523A5C3B-37C1-4A0F-B097-E556BC4313BE}.Release|Win32.ActiveCfg = Release|Win32
		{523A5C3B-37C1-4A0F-B097-E556BC4313BE}.Release|Win32.Build.0 = Release|Win32
	EndGlobalSection
	GlobalSection(SolutionProperties) = preSolution
		HideSolutionNode = FALSE
	EndGlobalSection
EndGlobal
