
Microsoft Visual Studio Solution File, Format Version 11.00
# Visual Studio 2010
Project("{8BC9CEB8-8B4A-11D0-8D11-00A0C91BC942}") = "2019.04.02.2", "2019.04.02.2\2019.04.02.2.vcxproj", "{2EF34D61-DF65-4216-BE2F-014F6D223EB8}"
EndProject
Global
	GlobalSection(SolutionConfigurationPlatforms) = preSolution
		Debug|Win32 = Debug|Win32
		Release|Win32 = Release|Win32
	EndGlobalSection
	GlobalSection(ProjectConfigurationPlatforms) = postSolution
		{2EF34D61-DF65-4216-BE2F-014F6D223EB8}.Debug|Win32.ActiveCfg = Debug|Win32
		{2EF34D61-DF65-4216-BE2F-014F6D223EB8}.Debug|Win32.Build.0 = Debug|Win32
		{2EF34D61-DF65-4216-BE2F-014F6D223EB8}.Release|Win32.ActiveCfg = Release|Win32
		{2EF34D61-DF65-4216-BE2F-014F6D223EB8}.Release|Win32.Build.0 = Release|Win32
	EndGlobalSection
	GlobalSection(SolutionProperties) = preSolution
		HideSolutionNode = FALSE
	EndGlobalSection
EndGlobal
