
Microsoft Visual Studio Solution File, Format Version 11.00
# Visual Studio 2010
Project("{8BC9CEB8-8B4A-11D0-8D11-00A0C91BC942}") = "2019.04.02.3", "2019.04.02.3\2019.04.02.3.vcxproj", "{D4F1B5F8-2A93-4158-AB17-9A962445E4EA}"
EndProject
Global
	GlobalSection(SolutionConfigurationPlatforms) = preSolution
		Debug|Win32 = Debug|Win32
		Release|Win32 = Release|Win32
	EndGlobalSection
	GlobalSection(ProjectConfigurationPlatforms) = postSolution
		{D4F1B5F8-2A93-4158-AB17-9A962445E4EA}.Debug|Win32.ActiveCfg = Debug|Win32
		{D4F1B5F8-2A93-4158-AB17-9A962445E4EA}.Debug|Win32.Build.0 = Debug|Win32
		{D4F1B5F8-2A93-4158-AB17-9A962445E4EA}.Release|Win32.ActiveCfg = Release|Win32
		{D4F1B5F8-2A93-4158-AB17-9A962445E4EA}.Release|Win32.Build.0 = Release|Win32
	EndGlobalSection
	GlobalSection(SolutionProperties) = preSolution
		HideSolutionNode = FALSE
	EndGlobalSection
EndGlobal
